
Microsoft Visual Studio Solution File, Format Version 12.00
# Visual Studio Version 17
VisualStudioVersion = 17.5.002.0
MinimumVisualStudioVersion = 10.0.40219.1
Project("{9A19103F-16F7-4668-BE54-9A1E7A4F7556}") = "DesafioFundamentos", "DesafioFundamentos.csproj", "{BB518579-4AF8-4F89-B999-3C123CEC0EAC}"
EndProject
Global
	GlobalSection(SolutionConfigurationPlatforms) = preSolution
		Debug|Any CPU = Debug|Any CPU
		Release|Any CPU = Release|Any CPU
	EndGlobalSection
	GlobalSection(ProjectConfigurationPlatforms) = postSolution
		{BB518579-4AF8-4F89-B999-3C123CEC0EAC}.Debug|Any CPU.ActiveCfg = Debug|Any CPU
		{BB518579-4AF8-4F89-B999-3C123CEC0EAC}.Debug|Any CPU.Build.0 = Debug|Any CPU
		{BB518579-4AF8-4F89-B999-3C123CEC0EAC}.Release|Any CPU.ActiveCfg = Release|Any CPU
		{BB518579-4AF8-4F89-B999-3C123CEC0EAC}.Release|Any CPU.Build.0 = Release|Any CPU
	EndGlobalSection
	GlobalSection(SolutionProperties) = preSolution
		HideSolutionNode = FALSE
	EndGlobalSection
	GlobalSection(ExtensibilityGlobals) = postSolution
		SolutionGuid = {5901B440-0BBA-4FCF-A642-9B4C652B48F5}
	EndGlobalSection
EndGlobal
